
Microsoft Visual Studio Solution File, Format Version 12.00
# Visual Studio Version 16
VisualStudioVersion = 16.0.31129.286
MinimumVisualStudioVersion = 10.0.40219.1
Project("{FAE04EC0-301F-11D3-BF4B-00C04F79EFBC}") = "StartHere", "StartHere\StartHere.csproj", "{4C1B4CD9-1071-4E38-9ECC-2C7AF94664FD}"
EndProject
Project("{FAE04EC0-301F-11D3-BF4B-00C04F79EFBC}") = "Examples", "Examples\Examples.csproj", "{17DB159F-9333-48B8-86E6-1F93EEC27620}"
EndProject
Project("{9A19103F-16F7-4668-BE54-9A1E7A4F7556}") = "UngerboeckSDKWrapperJWT", "UngerboeckSDKWrapperJWT\UngerboeckSDKWrapperJWT.csproj", "{6C5E2FC8-E244-447D-AC97-FBB76BEBE7CE}"
EndProject
Global
	GlobalSection(SolutionConfigurationPlatforms) = preSolution
		Debug|Any CPU = Debug|Any CPU
		Release|Any CPU = Release|Any CPU
	EndGlobalSection
	GlobalSection(ProjectConfigurationPlatforms) = postSolution
		{17DB159F-9333-48B8-86E6-1F93EEC27620}.Debug|Any CPU.ActiveCfg = Debug|Any CPU
		{17DB159F-9333-48B8-86E6-1F93EEC27620}.Debug|Any CPU.Build.0 = Debug|Any CPU
		{17DB159F-9333-48B8-86E6-1F93EEC27620}.Release|Any CPU.ActiveCfg = Release|Any CPU
		{17DB159F-9333-48B8-86E6-1F93EEC27620}.Release|Any CPU.Build.0 = Release|Any CPU
		{6C5E2FC8-E244-447D-AC97-FBB76BEBE7CE}.Debug|Any CPU.ActiveCfg = Debug|Any CPU
		{6C5E2FC8-E244-447D-AC97-FBB76BEBE7CE}.Debug|Any CPU.Build.0 = Debug|Any CPU
		{6C5E2FC8-E244-447D-AC97-FBB76BEBE7CE}.Release|Any CPU.ActiveCfg = Release|Any CPU
		{6C5E2FC8-E244-447D-AC97-FBB76BEBE7CE}.Release|Any CPU.Build.0 = Release|Any CPU
		{4C1B4CD9-1071-4E38-9ECC-2C7AF94664FD}.Debug|Any CPU.ActiveCfg = Debug|Any CPU
		{4C1B4CD9-1071-4E38-9ECC-2C7AF94664FD}.Debug|Any CPU.Build.0 = Debug|Any CPU
		{4C1B4CD9-1071-4E38-9ECC-2C7AF94664FD}.Release|Any CPU.ActiveCfg = Release|Any CPU
		{4C1B4CD9-1071-4E38-9ECC-2C7AF94664FD}.Release|Any CPU.Build.0 = Release|Any CPU
	EndGlobalSection
	GlobalSection(SolutionProperties) = preSolution
		HideSolutionNode = FALSE
	EndGlobalSection
	GlobalSection(ExtensibilityGlobals) = postSolution
		SolutionGuid = {664E3E3B-EBD3-413A-92EF-701D9A9ACCF2}
	EndGlobalSection
EndGlobal
